
Microsoft Visual Studio Solution File, Format Version 12.00
# Visual Studio Version 17
VisualStudioVersion = 17.14.37328.6
MinimumVisualStudioVersion = 10.0.40219.1
Project("{FAE04EC0-301F-11D3-BF4B-00C04F79EFBC}") = "HCLI", "HCLI.csproj", "{F0421B5A-2953-49A1-8357-C1F1DE2B8FB8}"
EndProject
Global
	GlobalSection(SolutionConfigurationPlatforms) = preSolution
		Debug|Any CPU = Debug|Any CPU
		Release|Any CPU = Release|Any CPU
	EndGlobalSection
	GlobalSection(ProjectConfigurationPlatforms) = postSolution
		{F0421B5A-2953-49A1-8357-C1F1DE2B8FB8}.Debug|Any CPU.ActiveCfg = Debug|Any CPU
		{F0421B5A-2953-49A1-8357-C1F1DE2B8FB8}.Debug|Any CPU.Build.0 = Debug|Any CPU
		{F0421B5A-2953-49A1-8357-C1F1DE2B8FB8}.Release|Any CPU.ActiveCfg = Release|Any CPU
		{F0421B5A-2953-49A1-8357-C1F1DE2B8FB8}.Release|Any CPU.Build.0 = Release|Any CPU
	EndGlobalSection
	GlobalSection(SolutionProperties) = preSolution
		HideSolutionNode = FALSE
	EndGlobalSection
	GlobalSection(ExtensibilityGlobals) = postSolution
		SolutionGuid = {F0AF2A17-A004-45D5-8119-282643BF4AFD}
	EndGlobalSection
EndGlobal
